{
  "originHash" : "d0fb0988054dc69afa17d30d4f46f13d2597c2be049efabaa76d19631748e987",
  "pins" : [
    {
      "identity" : "elementary",
      "kind" : "remoteSourceControl",
      "location" : "https://github.com/elementary-swift/elementary.git",
      "state" : {
        "revision" : "9a66ebc5f8a2586f2a94893fc6e22d833c8e2ae5",
        "version" : "0.8.2"
      }
    },
    {
      "identity" : "somlswift",
      "kind" : "remoteSourceControl",
      "location" : "https://github.com/soml-lang/SOMLSwift.git",
      "state" : {
        "revision" : "23fe09312afc845b8a369c46bf9beaf5b46908f2"
      }
    },
    {
      "identity" : "swift-argument-parser",
      "kind" : "remoteSourceControl",
      "location" : "https://github.com/apple/swift-argument-parser.git",
      "state" : {
        "revision" : "6a52f3251125d74daf04fcbd5e6f08a75d074382",
        "version" : "1.8.2"
      }
    },
    {
      "identity" : "swift-cmark",
      "kind" : "remoteSourceControl",
      "location" : "https://github.com/swiftlang/swift-cmark.git",
      "state" : {
        "branch" : "gfm",
        "revision" : "0c8947bbd58c491c54aae114aca40621cddc8357"
      }
    },
    {
      "identity" : "swift-markdown",
      "kind" : "remoteSourceControl",
      "location" : "https://github.com/sindresorhus/swift-markdown.git",
      "state" : {
        "branch" : "sindre-improvements",
        "revision" : "72692e0ce7f27549ad4b6057635a9e27d7431e2a"
      }
    },
    {
      "identity" : "swift-syntax",
      "kind" : "remoteSourceControl",
      "location" : "https://github.com/swiftlang/swift-syntax.git",
      "state" : {
        "revision" : "050f1a346fbbac0ca2cfb15a95274f7bd1cf0ccf",
        "version" : "604.0.0"
      }
    }
  ],
  "version" : 3
}
